
Microsoft Visual Studio Solution File, Format Version 12.00
# Visual Studio Version 17
VisualStudioVersion = 17.0.32112.339
MinimumVisualStudioVersion = 10.0.40219.1
Project("{FAE04EC0-301F-11D3-BF4B-00C04F79EFBC}") = "GibddApp", "GibddApp\GibddApp.csproj", "{6AE29A58-7720-42B7-97EB-ACB502FDF26C}"
EndProject
Global
	GlobalSection(SolutionConfigurationPlatforms) = preSolution
		Debug|Any CPU = Debug|Any CPU
		Release|Any CPU = Release|Any CPU
	EndGlobalSection
	GlobalSection(ProjectConfigurationPlatforms) = postSolution
		{6AE29A58-7720-42B7-97EB-ACB502FDF26C}.Debug|Any CPU.ActiveCfg = Debug|Any CPU
		{6AE29A58-7720-42B7-97EB-ACB502FDF26C}.Debug|Any CPU.Build.0 = Debug|Any CPU
		{6AE29A58-7720-42B7-97EB-ACB502FDF26C}.Release|Any CPU.ActiveCfg = Release|Any CPU
		{6AE29A58-7720-42B7-97EB-ACB502FDF26C}.Release|Any CPU.Build.0 = Release|Any CPU
	EndGlobalSection
	GlobalSection(SolutionProperties) = preSolution
		HideSolutionNode = FALSE
	EndGlobalSection
	GlobalSection(ExtensibilityGlobals) = postSolution
		SolutionGuid = {41A5C193-2827-4A16-8EFD-AD36F3B96321}
	EndGlobalSection
EndGlobal
